
Microsoft Visual Studio Solution File, Format Version 12.00
# Visual Studio 14
VisualStudioVersion = 14.0.22609.0
MinimumVisualStudioVersion = 10.0.40219.1
Project("{FAE04EC0-301F-11D3-BF4B-00C04F79EFBC}") = "ClassLibrary1", "ClassLibrary1\ClassLibrary1.csproj", "{7D9027A5-8D84-425F-B756-27BF08AF5F35}"
EndProject
Project("{FAE04EC0-301F-11D3-BF4B-00C04F79EFBC}") = "HelloWorldXamariniOS", "HelloWorldXamariniOS\HelloWorldXamariniOS.csproj", "{019CD510-65D5-4514-A4A8-5AE154441EFD}"
EndProject
Project("{FAE04EC0-301F-11D3-BF4B-00C04F79EFBC}") = "HelloWorldXamarinAndroid", "HelloWorldXamarinAndroid\HelloWorldXamarinAndroid.csproj", "{27A10DF8-3ECF-4CFB-9CE4-4AD327501086}"
EndProject
Project("{FAE04EC0-301F-11D3-BF4B-00C04F79EFBC}") = "HelloWorldXamarinWP", "HelloWorldXamarinWP\HelloWorldXamarinWP.csproj", "{CEDE5596-CCFE-40AB-AD00-BBEB42B109E6}"
EndProject
Global
	GlobalSection(SolutionConfigurationPlatforms) = preSolution
		Ad-Hoc|Any CPU = Ad-Hoc|Any CPU
		Ad-Hoc|ARM = Ad-Hoc|ARM
		Ad-Hoc|iPhone = Ad-Hoc|iPhone
		Ad-Hoc|iPhoneSimulator = Ad-Hoc|iPhoneSimulator
		Ad-Hoc|x86 = Ad-Hoc|x86
		AppStore|Any CPU = AppStore|Any CPU
		AppStore|ARM = AppStore|ARM
		AppStore|iPhone = AppStore|iPhone
		AppStore|iPhoneSimulator = AppStore|iPhoneSimulator
		AppStore|x86 = AppStore|x86
		Debug|Any CPU = Debug|Any CPU
		Debug|ARM = Debug|ARM
		Debug|iPhone = Debug|iPhone
		Debug|iPhoneSimulator = Debug|iPhoneSimulator
		Debug|x86 = Debug|x86
		Release|Any CPU = Release|Any CPU
		Release|ARM = Release|ARM
		Release|iPhone = Release|iPhone
		Release|iPhoneSimulator = Release|iPhoneSimulator
		Release|x86 = Release|x86
	EndGlobalSection
	GlobalSection(ProjectConfigurationPlatforms) = postSolution
		{7D9027A5-8D84-425F-B756-27BF08AF5F35}.Ad-Hoc|Any CPU.ActiveCfg = Release|Any CPU
		{7D9027A5-8D84-425F-B756-27BF08AF5F35}.Ad-Hoc|Any CPU.Build.0 = Release|Any CPU
		{7D9027A5-8D84-425F-B756-27BF08AF5F35}.Ad-Hoc|ARM.ActiveCfg = Debug|Any CPU
		{7D9027A5-8D84-425F-B756-27BF08AF5F35}.Ad-Hoc|ARM.Build.0 = Debug|Any CPU
		{7D9027A5-8D84-425F-B756-27BF08AF5F35}.Ad-Hoc|iPhone.ActiveCfg = Release|Any CPU
		{7D9027A5-8D84-425F-B756-27BF08AF5F35}.Ad-Hoc|iPhone.Build.0 = Release|Any CPU
		{7D9027A5-8D84-425F-B756-27BF08AF5F35}.Ad-Hoc|iPhoneSimulator.ActiveCfg = Release|Any CPU
		{7D9027A5-8D84-425F-B756-27BF08AF5F35}.Ad-Hoc|iPhoneSimulator.Build.0 = Release|Any CPU
		{7D9027A5-8D84-425F-B756-27BF08AF5F35}.Ad-Hoc|x86.ActiveCfg = Debug|Any CPU
		{7D9027A5-8D84-425F-B756-27BF08AF5F35}.Ad-Hoc|x86.Build.0 = Debug|Any CPU
		{7D9027A5-8D84-425F-B756-27BF08AF5F35}.AppStore|Any CPU.ActiveCfg = Release|Any CPU
		{7D9027A5-8D84-425F-B756-27BF08AF5F35}.AppStore|Any CPU.Build.0 = Release|Any CPU
		{7D9027A5-8D84-425F-B756-27BF08AF5F35}.AppStore|ARM.ActiveCfg = Debug|Any CPU
		{7D9027A5-8D84-425F-B756-27BF08AF5F35}.AppStore|ARM.Build.0 = Debug|Any CPU
		{7D9027A5-8D84-425F-B756-27BF08AF5F35}.AppStore|iPhone.ActiveCfg = Release|Any CPU
		{7D9027A5-8D84-425F-B756-27BF08AF5F35}.AppStore|iPhone.Build.0 = Release|Any CPU
		{7D9027A5-8D84-425F-B756-27BF08AF5F35}.AppStore|iPhoneSimulator.ActiveCfg = Release|Any CPU
		{7D9027A5-8D84-425F-B756-27BF08AF5F35}.AppStore|iPhoneSimulator.Build.0 = Release|Any CPU
		{7D9027A5-8D84-425F-B756-27BF08AF5F35}.AppStore|x86.ActiveCfg = Debug|Any CPU
		{7D9027A5-8D84-425F-B756-27BF08AF5F35}.AppStore|x86.Build.0 = Debug|Any CPU
		{7D9027A5-8D84-425F-B756-27BF08AF5F35}.Debug|Any CPU.ActiveCfg = Debug|Any CPU
		{7D9027A5-8D84-425F-B756-27BF08AF5F35}.Debug|Any CPU.Build.0 = Debug|Any CPU
		{7D9027A5-8D84-425F-B756-27BF08AF5F35}.Debug|ARM.ActiveCfg = Debug|Any CPU
		{7D9027A5-8D84-425F-B756-27BF08AF5F35}.Debug|ARM.Build.0 = Debug|Any CPU
		{7D9027A5-8D84-425F-B756-27BF08AF5F35}.Debug|iPhone.ActiveCfg = Debug|Any CPU
		{7D9027A5-8D84-425F-B756-27BF08AF5F35}.Debug|iPhone.Build.0 = Debug|Any CPU
		{7D9027A5-8D84-425F-B756-27BF08AF5F35}.Debug|iPhoneSimulator.ActiveCfg = Debug|Any CPU
		{7D9027A5-8D84-425F-B756-27BF08AF5F35}.Debug|iPhoneSimulator.Build.0 = Debug|Any CPU
		{7D9027A5-8D84-425F-B756-27BF08AF5F35}.Debug|x86.ActiveCfg = Debug|Any CPU
		{7D9027A5-8D84-425F-B756-27BF08AF5F35}.Debug|x86.Build.0 = Debug|Any CPU
		{7D9027A5-8D84-425F-B756-27BF08AF5F35}.Release|Any CPU.ActiveCfg = Release|Any CPU
		{7D9027A5-8D84-425F-B756-27BF08AF5F35}.Release|Any CPU.Build.0 = Release|Any CPU
		{7D9027A5-8D84-425F-B756-27BF08AF5F35}.Release|ARM.ActiveCfg = Release|Any CPU
		{7D9027A5-8D84-425F-B756-27BF08AF5F35}.Release|ARM.Build.0 = Release|Any CPU
		{7D9027A5-8D84-425F-B756-27BF08AF5F35}.Release|iPhone.ActiveCfg = Release|Any CPU
		{7D9027A5-8D84-425F-B756-27BF08AF5F35}.Release|iPhone.Build.0 = Release|Any CPU
		{7D9027A5-8D84-425F-B756-27BF08AF5F35}.Release|iPhoneSimulator.ActiveCfg = Release|Any CPU
		{7D9027A5-8D84-425F-B756-27BF08AF5F35}.Release|iPhoneSimulator.Build.0 = Release|Any CPU
		{7D9027A5-8D84-425F-B756-27BF08AF5F35}.Release|x86.ActiveCfg = Release|Any CPU
		{7D9027A5-8D84-425F-B756-27BF08AF5F35}.Release|x86.Build.0 = Release|Any CPU
		{019CD510-65D5-4514-A4A8-5AE154441EFD}.Ad-Hoc|Any CPU.ActiveCfg = Ad-Hoc|iPhone
		{019CD510-65D5-4514-A4A8-5AE154441EFD}.Ad-Hoc|ARM.ActiveCfg = Ad-Hoc|iPhoneSimulator
		{019CD510-65D5-4514-A4A8-5AE154441EFD}.Ad-Hoc|iPhone.ActiveCfg = Ad-Hoc|iPhone
		{019CD510-65D5-4514-A4A8-5AE154441EFD}.Ad-Hoc|iPhone.Build.0 = Ad-Hoc|iPhone
		{019CD510-65D5-4514-A4A8-5AE154441EFD}.Ad-Hoc|iPhoneSimulator.ActiveCfg = Ad-Hoc|iPhoneSimulator
		{019CD510-65D5-4514-A4A8-5AE154441EFD}.Ad-Hoc|iPhoneSimulator.Build.0 = Ad-Hoc|iPhoneSimulator
		{019CD510-65D5-4514-A4A8-5AE154441EFD}.Ad-Hoc|x86.ActiveCfg = Ad-Hoc|iPhoneSimulator
		{019CD510-65D5-4514-A4A8-5AE154441EFD}.AppStore|Any CPU.ActiveCfg = AppStore|iPhone
		{019CD510-65D5-4514-A4A8-5AE154441EFD}.AppStore|ARM.ActiveCfg = AppStore|iPhoneSimulator
		{019CD510-65D5-4514-A4A8-5AE154441EFD}.AppStore|iPhone.ActiveCfg = AppStore|iPhone
		{019CD510-65D5-4514-A4A8-5AE154441EFD}.AppStore|iPhone.Build.0 = AppStore|iPhone
		{019CD510-65D5-4514-A4A8-5AE154441EFD}.AppStore|iPhoneSimulator.ActiveCfg = AppStore|iPhoneSimulator
		{019CD510-65D5-4514-A4A8-5AE154441EFD}.AppStore|iPhoneSimulator.Build.0 = AppStore|iPhoneSimulator
		{019CD510-65D5-4514-A4A8-5AE154441EFD}.AppStore|x86.ActiveCfg = AppStore|iPhoneSimulator
		{019CD510-65D5-4514-A4A8-5AE154441EFD}.Debug|Any CPU.ActiveCfg = Debug|iPhone
		{019CD510-65D5-4514-A4A8-5AE154441EFD}.Debug|ARM.ActiveCfg = Debug|iPhoneSimulator
		{019CD510-65D5-4514-A4A8-5AE154441EFD}.Debug|iPhone.ActiveCfg = Debug|iPhone
		{019CD510-65D5-4514-A4A8-5AE154441EFD}.Debug|iPhone.Build.0 = Debug|iPhone
		{019CD510-65D5-4514-A4A8-5AE154441EFD}.Debug|iPhoneSimulator.ActiveCfg = Debug|iPhoneSimulator
		{019CD510-65D5-4514-A4A8-5AE154441EFD}.Debug|iPhoneSimulator.Build.0 = Debug|iPhoneSimulator
		{019CD510-65D5-4514-A4A8-5AE154441EFD}.Debug|x86.ActiveCfg = Debug|iPhoneSimulator
		{019CD510-65D5-4514-A4A8-5AE154441EFD}.Release|Any CPU.ActiveCfg = Release|iPhone
		{019CD510-65D5-4514-A4A8-5AE154441EFD}.Release|ARM.ActiveCfg = Release|iPhoneSimulator
		{019CD510-65D5-4514-A4A8-5AE154441EFD}.Release|iPhone.ActiveCfg = Release|iPhone
		{019CD510-65D5-4514-A4A8-5AE154441EFD}.Release|iPhone.Build.0 = Release|iPhone
		{019CD510-65D5-4514-A4A8-5AE154441EFD}.Release|iPhoneSimulator.ActiveCfg = Release|iPhoneSimulator
		{019CD510-65D5-4514-A4A8-5AE154441EFD}.Release|iPhoneSimulator.Build.0 = Release|iPhoneSimulator
		{019CD510-65D5-4514-A4A8-5AE154441EFD}.Release|x86.ActiveCfg = Release|iPhoneSimulator
		{27A10DF8-3ECF-4CFB-9CE4-4AD327501086}.Ad-Hoc|Any CPU.ActiveCfg = Release|Any CPU
		{27A10DF8-3ECF-4CFB-9CE4-4AD327501086}.Ad-Hoc|Any CPU.Build.0 = Release|Any CPU
		{27A10DF8-3ECF-4CFB-9CE4-4AD327501086}.Ad-Hoc|Any CPU.Deploy.0 = Release|Any CPU
		{27A10DF8-3ECF-4CFB-9CE4-4AD327501086}.Ad-Hoc|ARM.ActiveCfg = Release|Any CPU
		{27A10DF8-3ECF-4CFB-9CE4-4AD327501086}.Ad-Hoc|ARM.Build.0 = Release|Any CPU
		{27A10DF8-3ECF-4CFB-9CE4-4AD327501086}.Ad-Hoc|ARM.Deploy.0 = Release|Any CPU
		{27A10DF8-3ECF-4CFB-9CE4-4AD327501086}.Ad-Hoc|iPhone.ActiveCfg = Release|Any CPU
		{27A10DF8-3ECF-4CFB-9CE4-4AD327501086}.Ad-Hoc|iPhone.Build.0 = Release|Any CPU
		{27A10DF8-3ECF-4CFB-9CE4-4AD327501086}.Ad-Hoc|iPhone.Deploy.0 = Release|Any CPU
		{27A10DF8-3ECF-4CFB-9CE4-4AD327501086}.Ad-Hoc|iPhoneSimulator.ActiveCfg = Release|Any CPU
		{27A10DF8-3ECF-4CFB-9CE4-4AD327501086}.Ad-Hoc|iPhoneSimulator.Build.0 = Release|Any CPU
		{27A10DF8-3ECF-4CFB-9CE4-4AD327501086}.Ad-Hoc|iPhoneSimulator.Deploy.0 = Release|Any CPU
		{27A10DF8-3ECF-4CFB-9CE4-4AD327501086}.Ad-Hoc|x86.ActiveCfg = Release|Any CPU
		{27A10DF8-3ECF-4CFB-9CE4-4AD327501086}.Ad-Hoc|x86.Build.0 = Release|Any CPU
		{27A10DF8-3ECF-4CFB-9CE4-4AD327501086}.Ad-Hoc|x86.Deploy.0 = Release|Any CPU
		{27A10DF8-3ECF-4CFB-9CE4-4AD327501086}.AppStore|Any CPU.ActiveCfg = Release|Any CPU
		{27A10DF8-3ECF-4CFB-9CE4-4AD327501086}.AppStore|Any CPU.Build.0 = Release|Any CPU
		{27A10DF8-3ECF-4CFB-9CE4-4AD327501086}.AppStore|Any CPU.Deploy.0 = Release|Any CPU
		{27A10DF8-3ECF-4CFB-9CE4-4AD327501086}.AppStore|ARM.ActiveCfg = Release|Any CPU
		{27A10DF8-3ECF-4CFB-9CE4-4AD327501086}.AppStore|ARM.Build.0 = Release|Any CPU
		{27A10DF8-3ECF-4CFB-9CE4-4AD327501086}.AppStore|ARM.Deploy.0 = Release|Any CPU
		{27A10DF8-3ECF-4CFB-9CE4-4AD327501086}.AppStore|iPhone.ActiveCfg = Release|Any CPU
		{27A10DF8-3ECF-4CFB-9CE4-4AD327501086}.AppStore|iPhone.Build.0 = Release|Any CPU
		{27A10DF8-3ECF-4CFB-9CE4-4AD327501086}.AppStore|iPhone.Deploy.0 = Release|Any CPU
		{27A10DF8-3ECF-4CFB-9CE4-4AD327501086}.AppStore|iPhoneSimulator.ActiveCfg = Release|Any CPU
		{27A10DF8-3ECF-4CFB-9CE4-4AD327501086}.AppStore|iPhoneSimulator.Build.0 = Release|Any CPU
		{27A10DF8-3ECF-4CFB-9CE4-4AD327501086}.AppStore|iPhoneSimulator.Deploy.0 = Release|Any CPU
		{27A10DF8-3ECF-4CFB-9CE4-4AD327501086}.AppStore|x86.ActiveCfg = Release|Any CPU
		{27A10DF8-3ECF-4CFB-9CE4-4AD327501086}.AppStore|x86.Build.0 = Release|Any CPU
		{27A10DF8-3ECF-4CFB-9CE4-4AD327501086}.AppStore|x86.Deploy.0 = Release|Any CPU
		{27A10DF8-3ECF-4CFB-9CE4-4AD327501086}.Debug|Any CPU.ActiveCfg = Debug|Any CPU
		{27A10DF8-3ECF-4CFB-9CE4-4AD327501086}.Debug|Any CPU.Build.0 = Debug|Any CPU
		{27A10DF8-3ECF-4CFB-9CE4-4AD327501086}.Debug|Any CPU.Deploy.0 = Debug|Any CPU
		{27A10DF8-3ECF-4CFB-9CE4-4AD327501086}.Debug|ARM.ActiveCfg = Debug|Any CPU
		{27A10DF8-3ECF-4CFB-9CE4-4AD327501086}.Debug|ARM.Build.0 = Debug|Any CPU
		{27A10DF8-3ECF-4CFB-9CE4-4AD327501086}.Debug|ARM.Deploy.0 = Debug|Any CPU
		{27A10DF8-3ECF-4CFB-9CE4-4AD327501086}.Debug|iPhone.ActiveCfg = Debug|Any CPU
		{27A10DF8-3ECF-4CFB-9CE4-4AD327501086}.Debug|iPhone.Build.0 = Debug|Any CPU
		{27A10DF8-3ECF-4CFB-9CE4-4AD327501086}.Debug|iPhone.Deploy.0 = Debug|Any CPU
		{27A10DF8-3ECF-4CFB-9CE4-4AD327501086}.Debug|iPhoneSimulator.ActiveCfg = Debug|Any CPU
		{27A10DF8-3ECF-4CFB-9CE4-4AD327501086}.Debug|iPhoneSimulator.Build.0 = Debug|Any CPU
		{27A10DF8-3ECF-4CFB-9CE4-4AD327501086}.Debug|iPhoneSimulator.Deploy.0 = Debug|Any CPU
		{27A10DF8-3ECF-4CFB-9CE4-4AD327501086}.Debug|x86.ActiveCfg = Debug|Any CPU
		{27A10DF8-3ECF-4CFB-9CE4-4AD327501086}.Debug|x86.Build.0 = Debug|Any CPU
		{27A10DF8-3ECF-4CFB-9CE4-4AD327501086}.Debug|x86.Deploy.0 = Debug|Any CPU
		{27A10DF8-3ECF-4CFB-9CE4-4AD327501086}.Release|Any CPU.ActiveCfg = Release|Any CPU
		{27A10DF8-3ECF-4CFB-9CE4-4AD327501086}.Release|Any CPU.Build.0 = Release|Any CPU
		{27A10DF8-3ECF-4CFB-9CE4-4AD327501086}.Release|Any CPU.Deploy.0 = Release|Any CPU
		{27A10DF8-3ECF-4CFB-9CE4-4AD327501086}.Release|ARM.ActiveCfg = Release|Any CPU
		{27A10DF8-3ECF-4CFB-9CE4-4AD327501086}.Release|ARM.Build.0 = Release|Any CPU
		{27A10DF8-3ECF-4CFB-9CE4-4AD327501086}.Release|ARM.Deploy.0 = Release|Any CPU
		{27A10DF8-3ECF-4CFB-9CE4-4AD327501086}.Release|iPhone.ActiveCfg = Release|Any CPU
		{27A10DF8-3ECF-4CFB-9CE4-4AD327501086}.Release|iPhone.Build.0 = Release|Any CPU
		{27A10DF8-3ECF-4CFB-9CE4-4AD327501086}.Release|iPhone.Deploy.0 = Release|Any CPU
		{27A10DF8-3ECF-4CFB-9CE4-4AD327501086}.Release|iPhoneSimulator.ActiveCfg = Release|Any CPU
		{27A10DF8-3ECF-4CFB-9CE4-4AD327501086}.Release|iPhoneSimulator.Build.0 = Release|Any CPU
		{27A10DF8-3ECF-4CFB-9CE4-4AD327501086}.Release|iPhoneSimulator.Deploy.0 = Release|Any CPU
		{27A10DF8-3ECF-4CFB-9CE4-4AD327501086}.Release|x86.ActiveCfg = Release|Any CPU
		{27A10DF8-3ECF-4CFB-9CE4-4AD327501086}.Release|x86.Build.0 = Release|Any CPU
		{27A10DF8-3ECF-4CFB-9CE4-4AD327501086}.Release|x86.Deploy.0 = Release|Any CPU
		{CEDE5596-CCFE-40AB-AD00-BBEB42B109E6}.Ad-Hoc|Any CPU.ActiveCfg = Release|Any CPU
		{CEDE5596-CCFE-40AB-AD00-BBEB42B109E6}.Ad-Hoc|Any CPU.Build.0 = Release|Any CPU
		{CEDE5596-CCFE-40AB-AD00-BBEB42B109E6}.Ad-Hoc|Any CPU.Deploy.0 = Release|Any CPU
		{CEDE5596-CCFE-40AB-AD00-BBEB42B109E6}.Ad-Hoc|ARM.ActiveCfg = Release|ARM
		{CEDE5596-CCFE-40AB-AD00-BBEB42B109E6}.Ad-Hoc|ARM.Build.0 = Release|ARM
		{CEDE5596-CCFE-40AB-AD00-BBEB42B109E6}.Ad-Hoc|ARM.Deploy.0 = Release|ARM
		{CEDE5596-CCFE-40AB-AD00-BBEB42B109E6}.Ad-Hoc|iPhone.ActiveCfg = Release|Any CPU
		{CEDE5596-CCFE-40AB-AD00-BBEB42B109E6}.Ad-Hoc|iPhone.Build.0 = Release|Any CPU
		{CEDE5596-CCFE-40AB-AD00-BBEB42B109E6}.Ad-Hoc|iPhone.Deploy.0 = Release|Any CPU
		{CEDE5596-CCFE-40AB-AD00-BBEB42B109E6}.Ad-Hoc|iPhoneSimulator.ActiveCfg = Release|Any CPU
		{CEDE5596-CCFE-40AB-AD00-BBEB42B109E6}.Ad-Hoc|iPhoneSimulator.Build.0 = Release|Any CPU
		{CEDE5596-CCFE-40AB-AD00-BBEB42B109E6}.Ad-Hoc|iPhoneSimulator.Deploy.0 = Release|Any CPU
		{CEDE5596-CCFE-40AB-AD00-BBEB42B109E6}.Ad-Hoc|x86.ActiveCfg = Release|x86
		{CEDE5596-CCFE-40AB-AD00-BBEB42B109E6}.Ad-Hoc|x86.Build.0 = Release|x86
		{CEDE5596-CCFE-40AB-AD00-BBEB42B109E6}.Ad-Hoc|x86.Deploy.0 = Release|x86
		{CEDE5596-CCFE-40AB-AD00-BBEB42B109E6}.AppStore|Any CPU.ActiveCfg = Release|Any CPU
		{CEDE5596-CCFE-40AB-AD00-BBEB42B109E6}.AppStore|Any CPU.Build.0 = Release|Any CPU
		{CEDE5596-CCFE-40AB-AD00-BBEB42B109E6}.AppStore|Any CPU.Deploy.0 = Release|Any CPU
		{CEDE5596-CCFE-40AB-AD00-BBEB42B109E6}.AppStore|ARM.ActiveCfg = Release|ARM
		{CEDE5596-CCFE-40AB-AD00-BBEB42B109E6}.AppStore|ARM.Build.0 = Release|ARM
		{CEDE5596-CCFE-40AB-AD00-BBEB42B109E6}.AppStore|ARM.Deploy.0 = Release|ARM
		{CEDE5596-CCFE-40AB-AD00-BBEB42B109E6}.AppStore|iPhone.ActiveCfg = Release|Any CPU
		{CEDE5596-CCFE-40AB-AD00-BBEB42B109E6}.AppStore|iPhone.Build.0 = Release|Any CPU
		{CEDE5596-CCFE-40AB-AD00-BBEB42B109E6}.AppStore|iPhone.Deploy.0 = Release|Any CPU
		{CEDE5596-CCFE-40AB-AD00-BBEB42B109E6}.AppStore|iPhoneSimulator.ActiveCfg = Release|Any CPU
		{CEDE5596-CCFE-40AB-AD00-BBEB42B109E6}.AppStore|iPhoneSimulator.Build.0 = Release|Any CPU
		{CEDE5596-CCFE-40AB-AD00-BBEB42B109E6}.AppStore|iPhoneSimulator.Deploy.0 = Release|Any CPU
		{CEDE5596-CCFE-40AB-AD00-BBEB42B109E6}.AppStore|x86.ActiveCfg = Release|x86
		{CEDE5596-CCFE-40AB-AD00-BBEB42B109E6}.AppStore|x86.Build.0 = Release|x86
		{CEDE5596-CCFE-40AB-AD00-BBEB42B109E6}.AppStore|x86.Deploy.0 = Release|x86
		{CEDE5596-CCFE-40AB-AD00-BBEB42B109E6}.Debug|Any CPU.ActiveCfg = Debug|Any CPU
		{CEDE5596-CCFE-40AB-AD00-BBEB42B109E6}.Debug|Any CPU.Build.0 = Debug|Any CPU
		{CEDE5596-CCFE-40AB-AD00-BBEB42B109E6}.Debug|Any CPU.Deploy.0 = Debug|Any CPU
		{CEDE5596-CCFE-40AB-AD00-BBEB42B109E6}.Debug|ARM.ActiveCfg = Debug|ARM
		{CEDE5596-CCFE-40AB-AD00-BBEB42B109E6}.Debug|ARM.Build.0 = Debug|ARM
		{CEDE5596-CCFE-40AB-AD00-BBEB42B109E6}.Debug|ARM.Deploy.0 = Debug|ARM
		{CEDE5596-CCFE-40AB-AD00-BBEB42B109E6}.Debug|iPhone.ActiveCfg = Debug|Any CPU
		{CEDE5596-CCFE-40AB-AD00-BBEB42B109E6}.Debug|iPhone.Build.0 = Debug|Any CPU
		{CEDE5596-CCFE-40AB-AD00-BBEB42B109E6}.Debug|iPhone.Deploy.0 = Debug|Any CPU
		{CEDE5596-CCFE-40AB-AD00-BBEB42B109E6}.Debug|iPhoneSimulator.ActiveCfg = Debug|Any CPU
		{CEDE5596-CCFE-40AB-AD00-BBEB42B109E6}.Debug|iPhoneSimulator.Build.0 = Debug|Any CPU
		{CEDE5596-CCFE-40AB-AD00-BBEB42B109E6}.Debug|iPhoneSimulator.Deploy.0 = Debug|Any CPU
		{CEDE5596-CCFE-40AB-AD00-BBEB42B109E6}.Debug|x86.ActiveCfg = Debug|x86
		{CEDE5596-CCFE-40AB-AD00-BBEB42B109E6}.Debug|x86.Build.0 = Debug|x86
		{CEDE5596-CCFE-40AB-AD00-BBEB42B109E6}.Debug|x86.Deploy.0 = Debug|x86
		{CEDE5596-CCFE-40AB-AD00-BBEB42B109E6}.Release|Any CPU.ActiveCfg = Release|Any CPU
		{CEDE5596-CCFE-40AB-AD00-BBEB42B109E6}.Release|Any CPU.Build.0 = Release|Any CPU
		{CEDE5596-CCFE-40AB-AD00-BBEB42B109E6}.Release|Any CPU.Deploy.0 = Release|Any CPU
		{CEDE5596-CCFE-40AB-AD00-BBEB42B109E6}.Release|ARM.ActiveCfg = Release|ARM
		{CEDE5596-CCFE-40AB-AD00-BBEB42B109E6}.Release|ARM.Build.0 = Release|ARM
		{CEDE5596-CCFE-40AB-AD00-BBEB42B109E6}.Release|ARM.Deploy.0 = Release|ARM
		{CEDE5596-CCFE-40AB-AD00-BBEB42B109E6}.Release|iPhone.ActiveCfg = Release|Any CPU
		{CEDE5596-CCFE-40AB-AD00-BBEB42B109E6}.Release|iPhone.Build.0 = Release|Any CPU
		{CEDE5596-CCFE-40AB-AD00-BBEB42B109E6}.Release|iPhone.Deploy.0 = Release|Any CPU
		{CEDE5596-CCFE-40AB-AD00-BBEB42B109E6}.Release|iPhoneSimulator.ActiveCfg = Release|Any CPU
		{CEDE5596-CCFE-40AB-AD00-BBEB42B109E6}.Release|iPhoneSimulator.Build.0 = Release|Any CPU
		{CEDE5596-CCFE-40AB-AD00-BBEB42B109E6}.Release|iPhoneSimulator.Deploy.0 = Release|Any CPU
		{CEDE5596-CCFE-40AB-AD00-BBEB42B109E6}.Release|x86.ActiveCfg = Release|x86
		{CEDE5596-CCFE-40AB-AD00-BBEB42B109E6}.Release|x86.Build.0 = Release|x86
		{CEDE5596-CCFE-40AB-AD00-BBEB42B109E6}.Release|x86.Deploy.0 = Release|x86
	EndGlobalSection
	GlobalSection(SolutionProperties) = preSolution
		HideSolutionNode = FALSE
	EndGlobalSection
EndGlobal
